
Microsoft Visual Studio Solution File, Format Version 12.00
# Visual Studio Version 16
VisualStudioVersion = 16.0.29806.167
MinimumVisualStudioVersion = 10.0.40219.1
Project("{FAE04EC0-301F-11D3-BF4B-00C04F79EFBC}") = "App18", "App18.csproj", "{430EA0AE-3D52-4FCF-BAD9-B1C24790964D}"
EndProject
Global
	GlobalSection(SolutionConfigurationPlatforms) = preSolution
		Debug|Any CPU = Debug|Any CPU
		Release|Any CPU = Release|Any CPU
	EndGlobalSection
	GlobalSection(ProjectConfigurationPlatforms) = postSolution
		{430EA0AE-3D52-4FCF-BAD9-B1C24790964D}.Debug|Any CPU.ActiveCfg = Debug|Any CPU
		{430EA0AE-3D52-4FCF-BAD9-B1C24790964D}.Debug|Any CPU.Build.0 = Debug|Any CPU
		{430EA0AE-3D52-4FCF-BAD9-B1C24790964D}.Release|Any CPU.ActiveCfg = Release|Any CPU
		{430EA0AE-3D52-4FCF-BAD9-B1C24790964D}.Release|Any CPU.Build.0 = Release|Any CPU
	EndGlobalSection
	GlobalSection(SolutionProperties) = preSolution
		HideSolutionNode = FALSE
	EndGlobalSection
	GlobalSection(ExtensibilityGlobals) = postSolution
		SolutionGuid = {F62D791F-5530-4F6A-A7DC-C1BBFF0F847B}
	EndGlobalSection
EndGlobal
